{
  "name": "oss2026-a1",
  "version": "1.0.0",
  "lockfileVersion": 3,
  "requires": true,
  "packages": {
    "": {
      "name": "oss2026-a1",
      "version": "1.0.0",
      "license": "MIT",
      "dependencies": {
        "korean-unpacker": "^1.0.3",
        "nanoid": "^6.0.1",
        "random-int": "^3.1.0"
      }
    },
    "node_modules/korean-unpacker": {
      "version": "1.0.3",
      "resolved": "https://registry.npmjs.org/korean-unpacker/-/korean-unpacker-1.0.3.tgz",
      "integrity": "sha512-s0VIyZOFOtalBSp51NECPvM1g9Af8M0Oxe1ZdMMGL7nvG/ecVNYkCAzPU+f52f0R83ytVCOd3fd14TTOFx2GXQ==",
      "license": "MIT"
    },
    "node_modules/nanoid": {
      "version": "6.0.1",
      "resolved": "https://registry.npmjs.org/nanoid/-/nanoid-6.0.1.tgz",
      "integrity": "sha512-3wVS3i51pE2pi1k5FFL/95BGfVS0kSsvDVuGXHOtxox/TywUmtgq+3qiTOTbs9J7KfHaXPiN171k/A6dBnaXFw==",
      "funding": [
        {
          "type": "github",
          "url": "https://github.com/sponsors/ai"
        }
      ],
      "license": "MIT",
      "bin": {
        "nanoid": "bin/nanoid.js"
      },
      "engines": {
        "node": "^22 || ^24 || >=26"
      }
    },
    "node_modules/random-int": {
      "version": "3.1.0",
      "resolved": "https://registry.npmjs.org/random-int/-/random-int-3.1.0.tgz",
      "integrity": "sha512-h8CRz8cpvzj0hC/iH/1Gapgcl2TQ6xtnCpyOI5WvWfXf/yrDx2DOU+tD9rX23j36IF11xg1KqB9W11Z18JPMdw==",
      "license": "MIT",
      "engines": {
        "node": ">=12"
      },
      "funding": {
        "url": "https://github.com/sponsors/sindresorhus"
      }
    }
  }
}
